// !$*UTF8*$!
{
	archiveVersion = 1;
	classes = {
	};
	objectVersion = 54;
	objects = {

/* Begin PBXAggregateTarget section */
		234626142855703300F76653 /* All Demos */ = {
			isa = PBXAggregateTarget;
			buildConfigurationList = 234626172855703300F76653 /* Build configuration list for PBXAggregateTarget "All Demos" */;
			buildPhases = (
			);
			dependencies = (
				234626192855703D00F76653 /* PBXTargetDependency */,
				2346261B2855703D00F76653 /* PBXTargetDependency */,
			);
			name = "All Demos";
			productName = "All Demos";
		};
/* End PBXAggregateTarget section */

/* Begin PBXBuildFile section */
		2346261D285570DB00F76653 /* DSFComboButtonDynamic in Frameworks */ = {isa = PBXBuildFile; productRef = 2346261C285570DB00F76653 /* DSFComboButtonDynamic */; };
		2346261E285570DB00F76653 /* DSFComboButtonDynamic in Embed Frameworks */ = {isa = PBXBuildFile; productRef = 2346261C285570DB00F76653 /* DSFComboButtonDynamic */; settings = {ATTRIBUTES = (CodeSignOnCopy, ); }; };
		2383118C285043F900FD3EA2 /* DSFComboButton in Frameworks */ = {isa = PBXBuildFile; productRef = 2383118B285043F900FD3EA2 /* DSFComboButton */; };
		23A966C3284EA7C200363782 /* AppDelegate.swift in Sources */ = {isa = PBXBuildFile; fileRef = 23A966C2284EA7C200363782 /* AppDelegate.swift */; };
		23A966C5284EA7C200363782 /* ViewController.swift in Sources */ = {isa = PBXBuildFile; fileRef = 23A966C4284EA7C200363782 /* ViewController.swift */; };
		23A966C7284EA7C300363782 /* Assets.xcassets in Resources */ = {isa = PBXBuildFile; fileRef = 23A966C6284EA7C300363782 /* Assets.xcassets */; };
		23A966CA284EA7C300363782 /* Main.storyboard in Resources */ = {isa = PBXBuildFile; fileRef = 23A966C8284EA7C300363782 /* Main.storyboard */; };
		23C8634628555F8200F59D88 /* AppDelegate.swift in Sources */ = {isa = PBXBuildFile; fileRef = 23C8634528555F8200F59D88 /* AppDelegate.swift */; };
		23C8634828555F8200F59D88 /* ViewController.swift in Sources */ = {isa = PBXBuildFile; fileRef = 23C8634728555F8200F59D88 /* ViewController.swift */; };
		23C8634A28555F8300F59D88 /* Assets.xcassets in Resources */ = {isa = PBXBuildFile; fileRef = 23C8634928555F8300F59D88 /* Assets.xcassets */; };
		23C8634D28555F8300F59D88 /* Main.storyboard in Resources */ = {isa = PBXBuildFile; fileRef = 23C8634B28555F8300F59D88 /* Main.storyboard */; };
/* End PBXBuildFile section */

/* Begin PBXContainerItemProxy section */
		234626182855703D00F76653 /* PBXContainerItemProxy */ = {
			isa = PBXContainerItemProxy;
			containerPortal = 23A966B7284EA7C200363782 /* Project object */;
			proxyType = 1;
			remoteGlobalIDString = 23A966BE284EA7C200363782;
			remoteInfo = ComboButton;
		};
		2346261A2855703D00F76653 /* PBXContainerItemProxy */ = {
			isa = PBXContainerItemProxy;
			containerPortal = 23A966B7284EA7C200363782 /* Project object */;
			proxyType = 1;
			remoteGlobalIDString = 23C8634228555F8200F59D88;
			remoteInfo = "Doco Demo";
		};
/* End PBXContainerItemProxy section */

/* Begin PBXCopyFilesBuildPhase section */
		2346261F285570DB00F76653 /* Embed Frameworks */ = {
			isa = PBXCopyFilesBuildPhase;
			buildActionMask = 2147483647;
			dstPath = "";
			dstSubfolderSpec = 10;
			files = (
				2346261E285570DB00F76653 /* DSFComboButtonDynamic in Embed Frameworks */,
			);
			name = "Embed Frameworks";
			runOnlyForDeploymentPostprocessing = 0;
		};
/* End PBXCopyFilesBuildPhase section */

/* Begin PBXFileReference section */
		238311892850422200FD3EA2 /* DSFComboButton */ = {isa = PBXFileReference; lastKnownFileType = wrapper; name = DSFComboButton; path = ..; sourceTree = "<group>"; };
		23A966BF284EA7C200363782 /* ComboButton.app */ = {isa = PBXFileReference; explicitFileType = wrapper.application; includeInIndex = 0; path = ComboButton.app; sourceTree = BUILT_PRODUCTS_DIR; };
		23A966C2284EA7C200363782 /* AppDelegate.swift */ = {isa = PBXFileReference; lastKnownFileType = sourcecode.swift; path = AppDelegate.swift; sourceTree = "<group>"; };
		23A966C4284EA7C200363782 /* ViewController.swift */ = {isa = PBXFileReference; lastKnownFileType = sourcecode.swift; path = ViewController.swift; sourceTree = "<group>"; };
		23A966C6284EA7C300363782 /* Assets.xcassets */ = {isa = PBXFileReference; lastKnownFileType = folder.assetcatalog; path = Assets.xcassets; sourceTree = "<group>"; };
		23A966C9284EA7C300363782 /* Base */ = {isa = PBXFileReference; lastKnownFileType = file.storyboard; name = Base; path = Base.lproj/Main.storyboard; sourceTree = "<group>"; };
		23A966CB284EA7C300363782 /* ComboButton.entitlements */ = {isa = PBXFileReference; lastKnownFileType = text.plist.entitlements; path = ComboButton.entitlements; sourceTree = "<group>"; };
		23C8634328555F8200F59D88 /* Doco Demo.app */ = {isa = PBXFileReference; explicitFileType = wrapper.application; includeInIndex = 0; path = "Doco Demo.app"; sourceTree = BUILT_PRODUCTS_DIR; };
		23C8634528555F8200F59D88 /* AppDelegate.swift */ = {isa = PBXFileReference; lastKnownFileType = sourcecode.swift; path = AppDelegate.swift; sourceTree = "<group>"; };
		23C8634728555F8200F59D88 /* ViewController.swift */ = {isa = PBXFileReference; lastKnownFileType = sourcecode.swift; path = ViewController.swift; sourceTree = "<group>"; };
		23C8634928555F8300F59D88 /* Assets.xcassets */ = {isa = PBXFileReference; lastKnownFileType = folder.assetcatalog; path = Assets.xcassets; sourceTree = "<group>"; };
		23C8634C28555F8300F59D88 /* Base */ = {isa = PBXFileReference; lastKnownFileType = file.storyboard; name = Base; path = Base.lproj/Main.storyboard; sourceTree = "<group>"; };
		23C8634E28555F8300F59D88 /* Doco_Demo.entitlements */ = {isa = PBXFileReference; lastKnownFileType = text.plist.entitlements; path = Doco_Demo.entitlements; sourceTree = "<group>"; };
/* End PBXFileReference section */

/* Begin PBXFrameworksBuildPhase section */
		23A966BC284EA7C200363782 /* Frameworks */ = {
			isa = PBXFrameworksBuildPhase;
			buildActionMask = 2147483647;
			files = (
				2383118C285043F900FD3EA2 /* DSFComboButton in Frameworks */,
			);
			runOnlyForDeploymentPostprocessing = 0;
		};
		23C8634028555F8200F59D88 /* Frameworks */ = {
			isa = PBXFrameworksBuildPhase;
			buildActionMask = 2147483647;
			files = (
				2346261D285570DB00F76653 /* DSFComboButtonDynamic in Frameworks */,
			);
			runOnlyForDeploymentPostprocessing = 0;
		};
/* End PBXFrameworksBuildPhase section */

/* Begin PBXGroup section */
		2383118A285043F900FD3EA2 /* Frameworks */ = {
			isa = PBXGroup;
			children = (
			);
			name = Frameworks;
			sourceTree = "<group>";
		};
		23A966B6284EA7C200363782 = {
			isa = PBXGroup;
			children = (
				238311892850422200FD3EA2 /* DSFComboButton */,
				23A966C1284EA7C200363782 /* ComboButton */,
				23C8634428555F8200F59D88 /* Doco Demo */,
				23A966C0284EA7C200363782 /* Products */,
				2383118A285043F900FD3EA2 /* Frameworks */,
			);
			sourceTree = "<group>";
		};
		23A966C0284EA7C200363782 /* Products */ = {
			isa = PBXGroup;
			children = (
				23A966BF284EA7C200363782 /* ComboButton.app */,
				23C8634328555F8200F59D88 /* Doco Demo.app */,
			);
			name = Products;
			sourceTree = "<group>";
		};
		23A966C1284EA7C200363782 /* ComboButton */ = {
			isa = PBXGroup;
			children = (
				23A966C2284EA7C200363782 /* AppDelegate.swift */,
				23A966C4284EA7C200363782 /* ViewController.swift */,
				23A966C6284EA7C300363782 /* Assets.xcassets */,
				23A966C8284EA7C300363782 /* Main.storyboard */,
				23A966CB284EA7C300363782 /* ComboButton.entitlements */,
			);
			path = ComboButton;
			sourceTree = "<group>";
		};
		23C8634428555F8200F59D88 /* Doco Demo */ = {
			isa = PBXGroup;
			children = (
				23C8634528555F8200F59D88 /* AppDelegate.swift */,
				23C8634728555F8200F59D88 /* ViewController.swift */,
				23C8634928555F8300F59D88 /* Assets.xcassets */,
				23C8634B28555F8300F59D88 /* Main.storyboard */,
				23C8634E28555F8300F59D88 /* Doco_Demo.entitlements */,
			);
			path = "Doco Demo";
			sourceTree = "<group>";
		};
/* End PBXGroup section */

/* Begin PBXNativeTarget section */
		23A966BE284EA7C200363782 /* ComboButton */ = {
			isa = PBXNativeTarget;
			buildConfigurationList = 23A966CE284EA7C300363782 /* Build configuration list for PBXNativeTarget "ComboButton" */;
			buildPhases = (
				23A966BB284EA7C200363782 /* Sources */,
				23A966BC284EA7C200363782 /* Frameworks */,
				23A966BD284EA7C200363782 /* Resources */,
			);
			buildRules = (
			);
			dependencies = (
			);
			name = ComboButton;
			packageProductDependencies = (
				2383118B285043F900FD3EA2 /* DSFComboButton */,
			);
			productName = ComboButton;
			productReference = 23A966BF284EA7C200363782 /* ComboButton.app */;
			productType = "com.apple.product-type.application";
		};
		23C8634228555F8200F59D88 /* Doco Demo */ = {
			isa = PBXNativeTarget;
			buildConfigurationList = 23C8635128555F8300F59D88 /* Build configuration list for PBXNativeTarget "Doco Demo" */;
			buildPhases = (
				23C8633F28555F8200F59D88 /* Sources */,
				23C8634028555F8200F59D88 /* Frameworks */,
				23C8634128555F8200F59D88 /* Resources */,
				2346261F285570DB00F76653 /* Embed Frameworks */,
			);
			buildRules = (
			);
			dependencies = (
			);
			name = "Doco Demo";
			packageProductDependencies = (
				2346261C285570DB00F76653 /* DSFComboButtonDynamic */,
			);
			productName = "Doco Demo";
			productReference = 23C8634328555F8200F59D88 /* Doco Demo.app */;
			productType = "com.apple.product-type.application";
		};
/* End PBXNativeTarget section */

/* Begin PBXProject section */
		23A966B7284EA7C200363782 /* Project object */ = {
			isa = PBXProject;
			attributes = {
				BuildIndependentTargetsInParallel = 1;
				LastSwiftUpdateCheck = 1340;
				LastUpgradeCheck = 1400;
				TargetAttributes = {
					234626142855703300F76653 = {
						CreatedOnToolsVersion = 13.4.1;
					};
					23A966BE284EA7C200363782 = {
						CreatedOnToolsVersion = 13.4.1;
					};
					23C8634228555F8200F59D88 = {
						CreatedOnToolsVersion = 13.4.1;
					};
				};
			};
			buildConfigurationList = 23A966BA284EA7C200363782 /* Build configuration list for PBXProject "ComboButton" */;
			compatibilityVersion = "Xcode 12.0";
			developmentRegion = en;
			hasScannedForEncodings = 0;
			knownRegions = (
				en,
				Base,
			);
			mainGroup = 23A966B6284EA7C200363782;
			productRefGroup = 23A966C0284EA7C200363782 /* Products */;
			projectDirPath = "";
			projectRoot = "";
			targets = (
				23A966BE284EA7C200363782 /* ComboButton */,
				23C8634228555F8200F59D88 /* Doco Demo */,
				234626142855703300F76653 /* All Demos */,
			);
		};
/* End PBXProject section */

/* Begin PBXResourcesBuildPhase section */
		23A966BD284EA7C200363782 /* Resources */ = {
			isa = PBXResourcesBuildPhase;
			buildActionMask = 2147483647;
			files = (
				23A966C7284EA7C300363782 /* Assets.xcassets in Resources */,
				23A966CA284EA7C300363782 /* Main.storyboard in Resources */,
			);
			runOnlyForDeploymentPostprocessing = 0;
		};
		23C8634128555F8200F59D88 /* Resources */ = {
			isa = PBXResourcesBuildPhase;
			buildActionMask = 2147483647;
			files = (
				23C8634A28555F8300F59D88 /* Assets.xcassets in Resources */,
				23C8634D28555F8300F59D88 /* Main.storyboard in Resources */,
			);
			runOnlyForDeploymentPostprocessing = 0;
		};
/* End PBXResourcesBuildPhase section */

/* Begin PBXSourcesBuildPhase section */
		23A966BB284EA7C200363782 /* Sources */ = {
			isa = PBXSourcesBuildPhase;
			buildActionMask = 2147483647;
			files = (
				23A966C5284EA7C200363782 /* ViewController.swift in Sources */,
				23A966C3284EA7C200363782 /* AppDelegate.swift in Sources */,
			);
			runOnlyForDeploymentPostprocessing = 0;
		};
		23C8633F28555F8200F59D88 /* Sources */ = {
			isa = PBXSourcesBuildPhase;
			buildActionMask = 2147483647;
			files = (
				23C8634828555F8200F59D88 /* ViewController.swift in Sources */,
				23C8634628555F8200F59D88 /* AppDelegate.swift in Sources */,
			);
			runOnlyForDeploymentPostprocessing = 0;
		};
/* End PBXSourcesBuildPhase section */

/* Begin PBXTargetDependency section */
		234626192855703D00F76653 /* PBXTargetDependency */ = {
			isa = PBXTargetDependency;
			target = 23A966BE284EA7C200363782 /* ComboButton */;
			targetProxy = 234626182855703D00F76653 /* PBXContainerItemProxy */;
		};
		2346261B2855703D00F76653 /* PBXTargetDependency */ = {
			isa = PBXTargetDependency;
			target = 23C8634228555F8200F59D88 /* Doco Demo */;
			targetProxy = 2346261A2855703D00F76653 /* PBXContainerItemProxy */;
		};
/* End PBXTargetDependency section */

/* Begin PBXVariantGroup section */
		23A966C8284EA7C300363782 /* Main.storyboard */ = {
			isa = PBXVariantGroup;
			children = (
				23A966C9284EA7C300363782 /* Base */,
			);
			name = Main.storyboard;
			sourceTree = "<group>";
		};
		23C8634B28555F8300F59D88 /* Main.storyboard */ = {
			isa = PBXVariantGroup;
			children = (
				23C8634C28555F8300F59D88 /* Base */,
			);
			name = Main.storyboard;
			sourceTree = "<group>";
		};
/* End PBXVariantGroup section */

/* Begin XCBuildConfiguration section */
		234626152855703300F76653 /* Debug */ = {
			isa = XCBuildConfiguration;
			buildSettings = {
				CODE_SIGN_STYLE = Automatic;
				DEVELOPMENT_TEAM = 3L6RK3LGGW;
				PRODUCT_NAME = "$(TARGET_NAME)";
			};
			name = Debug;
		};
		234626162855703300F76653 /* Release */ = {
			isa = XCBuildConfiguration;
			buildSettings = {
				CODE_SIGN_STYLE = Automatic;
				DEVELOPMENT_TEAM = 3L6RK3LGGW;
				PRODUCT_NAME = "$(TARGET_NAME)";
			};
			name = Release;
		};
		23A966CC284EA7C300363782 /* Debug */ = {
			isa = XCBuildConfiguration;
			buildSettings = {
				ALWAYS_SEARCH_USER_PATHS = NO;
				CLANG_ANALYZER_NONNULL = YES;
				CLANG_ANALYZER_NUMBER_OBJECT_CONVERSION = YES_AGGRESSIVE;
				CLANG_CXX_LANGUAGE_STANDARD = "gnu++17";
				CLANG_ENABLE_MODULES = YES;
				CLANG_ENABLE_OBJC_ARC = YES;
				CLANG_ENABLE_OBJC_WEAK = YES;
				CLANG_WARN_BLOCK_CAPTURE_AUTORELEASING = YES;
				CLANG_WARN_BOOL_CONVERSION = YES;
				CLANG_WARN_COMMA = YES;
				CLANG_WARN_CONSTANT_CONVERSION = YES;
				CLANG_WARN_DEPRECATED_OBJC_IMPLEMENTATIONS = YES;
				CLANG_WARN_DIRECT_OBJC_ISA_USAGE = YES_ERROR;
				CLANG_WARN_DOCUMENTATION_COMMENTS = YES;
				CLANG_WARN_EMPTY_BODY = YES;
				CLANG_WARN_ENUM_CONVERSION = YES;
				CLANG_WARN_INFINITE_RECURSION = YES;
				CLANG_WARN_INT_CONVERSION = YES;
				CLANG_WARN_NON_LITERAL_NULL_CONVERSION = YES;
				CLANG_WARN_OBJC_IMPLICIT_RETAIN_SELF = YES;
				CLANG_WARN_OBJC_LITERAL_CONVERSION = YES;
				CLANG_WARN_OBJC_ROOT_CLASS = YES_ERROR;
				CLANG_WARN_QUOTED_INCLUDE_IN_FRAMEWORK_HEADER = YES;
				CLANG_WARN_RANGE_LOOP_ANALYSIS = YES;
				CLANG_WARN_STRICT_PROTOTYPES = YES;
				CLANG_WARN_SUSPICIOUS_MOVE = YES;
				CLANG_WARN_UNGUARDED_AVAILABILITY = YES_AGGRESSIVE;
				CLANG_WARN_UNREACHABLE_CODE = YES;
				CLANG_WARN__DUPLICATE_METHOD_MATCH = YES;
				COPY_PHASE_STRIP = NO;
				DEAD_CODE_STRIPPING = YES;
				DEBUG_INFORMATION_FORMAT = dwarf;
				ENABLE_STRICT_OBJC_MSGSEND = YES;
				ENABLE_TESTABILITY = YES;
				GCC_C_LANGUAGE_STANDARD = gnu11;
				GCC_DYNAMIC_NO_PIC = NO;
				GCC_NO_COMMON_BLOCKS = YES;
				GCC_OPTIMIZATION_LEVEL = 0;
				GCC_PREPROCESSOR_DEFINITIONS = (
					"DEBUG=1",
					"$(inherited)",
				);
				GCC_WARN_64_TO_32_BIT_CONVERSION = YES;
				GCC_WARN_ABOUT_RETURN_TYPE = YES_ERROR;
				GCC_WARN_UNDECLARED_SELECTOR = YES;
				GCC_WARN_UNINITIALIZED_AUTOS = YES_AGGRESSIVE;
				GCC_WARN_UNUSED_FUNCTION = YES;
				GCC_WARN_UNUSED_VARIABLE = YES;
				MACOSX_DEPLOYMENT_TARGET = 10.13;
				MTL_ENABLE_DEBUG_INFO = INCLUDE_SOURCE;
				MTL_FAST_MATH = YES;
				ONLY_ACTIVE_ARCH = YES;
				SDKROOT = macosx;
				SWIFT_ACTIVE_COMPILATION_CONDITIONS = DEBUG;
				SWIFT_OPTIMIZATION_LEVEL = "-Onone";
			};
			name = Debug;
		};
		23A966CD284EA7C300363782 /* Release */ = {
			isa = XCBuildConfiguration;
			buildSettings = {
				ALWAYS_SEARCH_USER_PATHS = NO;
				CLANG_ANALYZER_NONNULL = YES;
				CLANG_ANALYZER_NUMBER_OBJECT_CONVERSION = YES_AGGRESSIVE;
				CLANG_CXX_LANGUAGE_STANDARD = "gnu++17";
				CLANG_ENABLE_MODULES = YES;
				CLANG_ENABLE_OBJC_ARC = YES;
				CLANG_ENABLE_OBJC_WEAK = YES;
				CLANG_WARN_BLOCK_CAPTURE_AUTORELEASING = YES;
				CLANG_WARN_BOOL_CONVERSION = YES;
				CLANG_WARN_COMMA = YES;
				CLANG_WARN_CONSTANT_CONVERSION = YES;
				CLANG_WARN_DEPRECATED_OBJC_IMPLEMENTATIONS = YES;
				CLANG_WARN_DIRECT_OBJC_ISA_USAGE = YES_ERROR;
				CLANG_WARN_DOCUMENTATION_COMMENTS = YES;
				CLANG_WARN_EMPTY_BODY = YES;
				CLANG_WARN_ENUM_CONVERSION = YES;
				CLANG_WARN_INFINITE_RECURSION = YES;
				CLANG_WARN_INT_CONVERSION = YES;
				CLANG_WARN_NON_LITERAL_NULL_CONVERSION = YES;
				CLANG_WARN_OBJC_IMPLICIT_RETAIN_SELF = YES;
				CLANG_WARN_OBJC_LITERAL_CONVERSION = YES;
				CLANG_WARN_OBJC_ROOT_CLASS = YES_ERROR;
				CLANG_WARN_QUOTED_INCLUDE_IN_FRAMEWORK_HEADER = YES;
				CLANG_WARN_RANGE_LOOP_ANALYSIS = YES;
				CLANG_WARN_STRICT_PROTOTYPES = YES;
				CLANG_WARN_SUSPICIOUS_MOVE = YES;
				CLANG_WARN_UNGUARDED_AVAILABILITY = YES_AGGRESSIVE;
				CLANG_WARN_UNREACHABLE_CODE = YES;
				CLANG_WARN__DUPLICATE_METHOD_MATCH = YES;
				COPY_PHASE_STRIP = NO;
				DEAD_CODE_STRIPPING = YES;
				DEBUG_INFORMATION_FORMAT = "dwarf-with-dsym";
				ENABLE_NS_ASSERTIONS = NO;
				ENABLE_STRICT_OBJC_MSGSEND = YES;
				GCC_C_LANGUAGE_STANDARD = gnu11;
				GCC_NO_COMMON_BLOCKS = YES;
				GCC_WARN_64_TO_32_BIT_CONVERSION = YES;
				GCC_WARN_ABOUT_RETURN_TYPE = YES_ERROR;
				GCC_WARN_UNDECLARED_SELECTOR = YES;
				GCC_WARN_UNINITIALIZED_AUTOS = YES_AGGRESSIVE;
				GCC_WARN_UNUSED_FUNCTION = YES;
				GCC_WARN_UNUSED_VARIABLE = YES;
				MACOSX_DEPLOYMENT_TARGET = 10.13;
				MTL_ENABLE_DEBUG_INFO = NO;
				MTL_FAST_MATH = YES;
				SDKROOT = macosx;
				SWIFT_COMPILATION_MODE = wholemodule;
				SWIFT_OPTIMIZATION_LEVEL = "-O";
			};
			name = Release;
		};
		23A966CF284EA7C300363782 /* Debug */ = {
			isa = XCBuildConfiguration;
			buildSettings = {
				ASSETCATALOG_COMPILER_APPICON_NAME = AppIcon;
				ASSETCATALOG_COMPILER_GLOBAL_ACCENT_COLOR_NAME = AccentColor;
				CODE_SIGN_ENTITLEMENTS = ComboButton/ComboButton.entitlements;
				CODE_SIGN_IDENTITY = "-";
				CODE_SIGN_STYLE = Automatic;
				COMBINE_HIDPI_IMAGES = YES;
				CURRENT_PROJECT_VERSION = 1;
				DEAD_CODE_STRIPPING = YES;
				DEVELOPMENT_TEAM = 3L6RK3LGGW;
				ENABLE_HARDENED_RUNTIME = YES;
				GENERATE_INFOPLIST_FILE = YES;
				INFOPLIST_KEY_LSApplicationCategoryType = "public.app-category.developer-tools";
				INFOPLIST_KEY_NSHumanReadableCopyright = "";
				INFOPLIST_KEY_NSMainStoryboardFile = Main;
				INFOPLIST_KEY_NSPrincipalClass = NSApplication;
				LD_RUNPATH_SEARCH_PATHS = (
					"$(inherited)",
					"@executable_path/../Frameworks",
				);
				MACOSX_DEPLOYMENT_TARGET = 10.13;
				MARKETING_VERSION = 1.0;
				PRODUCT_BUNDLE_IDENTIFIER = org.dagronf.ComboButton;
				PRODUCT_NAME = "$(TARGET_NAME)";
				SWIFT_EMIT_LOC_STRINGS = YES;
				SWIFT_VERSION = 5.0;
			};
			name = Debug;
		};
		23A966D0284EA7C300363782 /* Release */ = {
			isa = XCBuildConfiguration;
			buildSettings = {
				ASSETCATALOG_COMPILER_APPICON_NAME = AppIcon;
				ASSETCATALOG_COMPILER_GLOBAL_ACCENT_COLOR_NAME = AccentColor;
				CODE_SIGN_ENTITLEMENTS = ComboButton/ComboButton.entitlements;
				CODE_SIGN_IDENTITY = "-";
				CODE_SIGN_STYLE = Automatic;
				COMBINE_HIDPI_IMAGES = YES;
				CURRENT_PROJECT_VERSION = 1;
				DEAD_CODE_STRIPPING = YES;
				DEVELOPMENT_TEAM = 3L6RK3LGGW;
				ENABLE_HARDENED_RUNTIME = YES;
				GENERATE_INFOPLIST_FILE = YES;
				INFOPLIST_KEY_LSApplicationCategoryType = "public.app-category.developer-tools";
				INFOPLIST_KEY_NSHumanReadableCopyright = "";
				INFOPLIST_KEY_NSMainStoryboardFile = Main;
				INFOPLIST_KEY_NSPrincipalClass = NSApplication;
				LD_RUNPATH_SEARCH_PATHS = (
					"$(inherited)",
					"@executable_path/../Frameworks",
				);
				MACOSX_DEPLOYMENT_TARGET = 10.13;
				MARKETING_VERSION = 1.0;
				PRODUCT_BUNDLE_IDENTIFIER = org.dagronf.ComboButton;
				PRODUCT_NAME = "$(TARGET_NAME)";
				SWIFT_EMIT_LOC_STRINGS = YES;
				SWIFT_VERSION = 5.0;
			};
			name = Release;
		};
		23C8634F28555F8300F59D88 /* Debug */ = {
			isa = XCBuildConfiguration;
			buildSettings = {
				ASSETCATALOG_COMPILER_APPICON_NAME = AppIcon;
				ASSETCATALOG_COMPILER_GLOBAL_ACCENT_COLOR_NAME = AccentColor;
				CODE_SIGN_ENTITLEMENTS = "Doco Demo/Doco_Demo.entitlements";
				CODE_SIGN_STYLE = Automatic;
				COMBINE_HIDPI_IMAGES = YES;
				CURRENT_PROJECT_VERSION = 1;
				DEVELOPMENT_TEAM = 3L6RK3LGGW;
				ENABLE_HARDENED_RUNTIME = YES;
				GENERATE_INFOPLIST_FILE = YES;
				INFOPLIST_KEY_LSApplicationCategoryType = "public.app-category.developer-tools";
				INFOPLIST_KEY_NSHumanReadableCopyright = "";
				INFOPLIST_KEY_NSMainStoryboardFile = Main;
				INFOPLIST_KEY_NSPrincipalClass = NSApplication;
				LD_RUNPATH_SEARCH_PATHS = (
					"$(inherited)",
					"@executable_path/../Frameworks",
				);
				MACOSX_DEPLOYMENT_TARGET = 10.15;
				MARKETING_VERSION = 1.0;
				PRODUCT_BUNDLE_IDENTIFIER = "org.dagronf.Doco-Demo";
				PRODUCT_NAME = "$(TARGET_NAME)";
				SWIFT_EMIT_LOC_STRINGS = YES;
				SWIFT_VERSION = 5.0;
			};
			name = Debug;
		};
		23C8635028555F8300F59D88 /* Release */ = {
			isa = XCBuildConfiguration;
			buildSettings = {
				ASSETCATALOG_COMPILER_APPICON_NAME = AppIcon;
				ASSETCATALOG_COMPILER_GLOBAL_ACCENT_COLOR_NAME = AccentColor;
				CODE_SIGN_ENTITLEMENTS = "Doco Demo/Doco_Demo.entitlements";
				CODE_SIGN_STYLE = Automatic;
				COMBINE_HIDPI_IMAGES = YES;
				CURRENT_PROJECT_VERSION = 1;
				DEVELOPMENT_TEAM = 3L6RK3LGGW;
				ENABLE_HARDENED_RUNTIME = YES;
				GENERATE_INFOPLIST_FILE = YES;
				INFOPLIST_KEY_LSApplicationCategoryType = "public.app-category.developer-tools";
				INFOPLIST_KEY_NSHumanReadableCopyright = "";
				INFOPLIST_KEY_NSMainStoryboardFile = Main;
				INFOPLIST_KEY_NSPrincipalClass = NSApplication;
				LD_RUNPATH_SEARCH_PATHS = (
					"$(inherited)",
					"@executable_path/../Frameworks",
				);
				MACOSX_DEPLOYMENT_TARGET = 10.15;
				MARKETING_VERSION = 1.0;
				PRODUCT_BUNDLE_IDENTIFIER = "org.dagronf.Doco-Demo";
				PRODUCT_NAME = "$(TARGET_NAME)";
				SWIFT_EMIT_LOC_STRINGS = YES;
				SWIFT_VERSION = 5.0;
			};
			name = Release;
		};
/* End XCBuildConfiguration section */

/* Begin XCConfigurationList section */
		234626172855703300F76653 /* Build configuration list for PBXAggregateTarget "All Demos" */ = {
			isa = XCConfigurationList;
			buildConfigurations = (
				234626152855703300F76653 /* Debug */,
				234626162855703300F76653 /* Release */,
			);
			defaultConfigurationIsVisible = 0;
			defaultConfigurationName = Release;
		};
		23A966BA284EA7C200363782 /* Build configuration list for PBXProject "ComboButton" */ = {
			isa = XCConfigurationList;
			buildConfigurations = (
				23A966CC284EA7C300363782 /* Debug */,
				23A966CD284EA7C300363782 /* Release */,
			);
			defaultConfigurationIsVisible = 0;
			defaultConfigurationName = Release;
		};
		23A966CE284EA7C300363782 /* Build configuration list for PBXNativeTarget "ComboButton" */ = {
			isa = XCConfigurationList;
			buildConfigurations = (
				23A966CF284EA7C300363782 /* Debug */,
				23A966D0284EA7C300363782 /* Release */,
			);
			defaultConfigurationIsVisible = 0;
			defaultConfigurationName = Release;
		};
		23C8635128555F8300F59D88 /* Build configuration list for PBXNativeTarget "Doco Demo" */ = {
			isa = XCConfigurationList;
			buildConfigurations = (
				23C8634F28555F8300F59D88 /* Debug */,
				23C8635028555F8300F59D88 /* Release */,
			);
			defaultConfigurationIsVisible = 0;
			defaultConfigurationName = Release;
		};
/* End XCConfigurationList section */

/* Begin XCSwiftPackageProductDependency section */
		2346261C285570DB00F76653 /* DSFComboButtonDynamic */ = {
			isa = XCSwiftPackageProductDependency;
			productName = DSFComboButtonDynamic;
		};
		2383118B285043F900FD3EA2 /* DSFComboButton */ = {
			isa = XCSwiftPackageProductDependency;
			productName = DSFComboButton;
		};
/* End XCSwiftPackageProductDependency section */
	};
	rootObject = 23A966B7284EA7C200363782 /* Project object */;
}
